// !$*UTF8*$!
{
	archiveVersion = 1;
	classes = {
	};
	objectVersion = 56;
	objects = {

/* Begin PBXBuildFile section */
		3510B00B29C0D15E0023BB3E /* Resizing_ProblemApp.swift in Sources */ = {isa = PBXBuildFile; fileRef = 3510B00A29C0D15E0023BB3E /* Resizing_ProblemApp.swift */; };
		3510B00D29C0D15E0023BB3E /* ContentView.swift in Sources */ = {isa = PBXBuildFile; fileRef = 3510B00C29C0D15E0023BB3E /* ContentView.swift */; };
		3510B00F29C0D1610023BB3E /* Assets.xcassets in Resources */ = {isa = PBXBuildFile; fileRef = 3510B00E29C0D1610023BB3E /* Assets.xcassets */; };
		3510B01229C0D1610023BB3E /* Preview Assets.xcassets in Resources */ = {isa = PBXBuildFile; fileRef = 3510B01129C0D1610023BB3E /* Preview Assets.xcassets */; };
		3510B01A29C0D2710023BB3E /* CardComponentInfo.swift in Sources */ = {isa = PBXBuildFile; fileRef = 3510B01929C0D2710023BB3E /* CardComponentInfo.swift */; };
		3510B01C29C0D2950023BB3E /* CardComponentViewType.swift in Sources */ = {isa = PBXBuildFile; fileRef = 3510B01B29C0D2950023BB3E /* CardComponentViewType.swift */; };
		3510B01E29C0D2BB0023BB3E /* ComponentView.swift in Sources */ = {isa = PBXBuildFile; fileRef = 3510B01D29C0D2BB0023BB3E /* ComponentView.swift */; };
		3510B02029C0D2CC0023BB3E /* ViewModel.swift in Sources */ = {isa = PBXBuildFile; fileRef = 3510B01F29C0D2CC0023BB3E /* ViewModel.swift */; };
		3510B02229C0D2E20023BB3E /* ResizingConrolsView.swift in Sources */ = {isa = PBXBuildFile; fileRef = 3510B02129C0D2E20023BB3E /* ResizingConrolsView.swift */; };
		3510B02529C0D3000023BB3E /* ResizePoint.swift in Sources */ = {isa = PBXBuildFile; fileRef = 3510B02429C0D3000023BB3E /* ResizePoint.swift */; };
/* End PBXBuildFile section */

/* Begin PBXFileReference section */
		3510B00729C0D15E0023BB3E /* Resizing Problem.app */ = {isa = PBXFileReference; explicitFileType = wrapper.application; includeInIndex = 0; path = "Resizing Problem.app"; sourceTree = BUILT_PRODUCTS_DIR; };
		3510B00A29C0D15E0023BB3E /* Resizing_ProblemApp.swift */ = {isa = PBXFileReference; lastKnownFileType = sourcecode.swift; path = Resizing_ProblemApp.swift; sourceTree = "<group>"; };
		3510B00C29C0D15E0023BB3E /* ContentView.swift */ = {isa = PBXFileReference; lastKnownFileType = sourcecode.swift; path = ContentView.swift; sourceTree = "<group>"; };
		3510B00E29C0D1610023BB3E /* Assets.xcassets */ = {isa = PBXFileReference; lastKnownFileType = folder.assetcatalog; path = Assets.xcassets; sourceTree = "<group>"; };
		3510B01129C0D1610023BB3E /* Preview Assets.xcassets */ = {isa = PBXFileReference; lastKnownFileType = folder.assetcatalog; path = "Preview Assets.xcassets"; sourceTree = "<group>"; };
		3510B01329C0D1610023BB3E /* Resizing_Problem.entitlements */ = {isa = PBXFileReference; lastKnownFileType = text.plist.entitlements; path = Resizing_Problem.entitlements; sourceTree = "<group>"; };
		3510B01929C0D2710023BB3E /* CardComponentInfo.swift */ = {isa = PBXFileReference; lastKnownFileType = sourcecode.swift; path = CardComponentInfo.swift; sourceTree = "<group>"; };
		3510B01B29C0D2950023BB3E /* CardComponentViewType.swift */ = {isa = PBXFileReference; lastKnownFileType = sourcecode.swift; path = CardComponentViewType.swift; sourceTree = "<group>"; };
		3510B01D29C0D2BB0023BB3E /* ComponentView.swift */ = {isa = PBXFileReference; lastKnownFileType = sourcecode.swift; path = ComponentView.swift; sourceTree = "<group>"; };
		3510B01F29C0D2CC0023BB3E /* ViewModel.swift */ = {isa = PBXFileReference; lastKnownFileType = sourcecode.swift; path = ViewModel.swift; sourceTree = "<group>"; };
		3510B02129C0D2E20023BB3E /* ResizingConrolsView.swift */ = {isa = PBXFileReference; lastKnownFileType = sourcecode.swift; path = ResizingConrolsView.swift; sourceTree = "<group>"; };
		3510B02429C0D3000023BB3E /* ResizePoint.swift */ = {isa = PBXFileReference; lastKnownFileType = sourcecode.swift; path = ResizePoint.swift; sourceTree = "<group>"; };
/* End PBXFileReference section */

/* Begin PBXFrameworksBuildPhase section */
		3510B00429C0D15E0023BB3E /* Frameworks */ = {
			isa = PBXFrameworksBuildPhase;
			buildActionMask = 2147483647;
			files = (
			);
			runOnlyForDeploymentPostprocessing = 0;
		};
/* End PBXFrameworksBuildPhase section */

/* Begin PBXGroup section */
		3510AFFE29C0D15E0023BB3E = {
			isa = PBXGroup;
			children = (
				3510B00929C0D15E0023BB3E /* Resizing Problem */,
				3510B00829C0D15E0023BB3E /* Products */,
			);
			sourceTree = "<group>";
		};
		3510B00829C0D15E0023BB3E /* Products */ = {
			isa = PBXGroup;
			children = (
				3510B00729C0D15E0023BB3E /* Resizing Problem.app */,
			);
			name = Products;
			sourceTree = "<group>";
		};
		3510B00929C0D15E0023BB3E /* Resizing Problem */ = {
			isa = PBXGroup;
			children = (
				3510B00A29C0D15E0023BB3E /* Resizing_ProblemApp.swift */,
				3510B01929C0D2710023BB3E /* CardComponentInfo.swift */,
				3510B01B29C0D2950023BB3E /* CardComponentViewType.swift */,
				3510B00C29C0D15E0023BB3E /* ContentView.swift */,
				3510B00E29C0D1610023BB3E /* Assets.xcassets */,
				3510B01329C0D1610023BB3E /* Resizing_Problem.entitlements */,
				3510B01029C0D1610023BB3E /* Preview Content */,
				3510B01D29C0D2BB0023BB3E /* ComponentView.swift */,
				3510B01F29C0D2CC0023BB3E /* ViewModel.swift */,
				3510B02129C0D2E20023BB3E /* ResizingConrolsView.swift */,
				3510B02429C0D3000023BB3E /* ResizePoint.swift */,
			);
			path = "Resizing Problem";
			sourceTree = "<group>";
		};
		3510B01029C0D1610023BB3E /* Preview Content */ = {
			isa = PBXGroup;
			children = (
				3510B01129C0D1610023BB3E /* Preview Assets.xcassets */,
			);
			path = "Preview Content";
			sourceTree = "<group>";
		};
/* End PBXGroup section */

/* Begin PBXNativeTarget section */
		3510B00629C0D15E0023BB3E /* Resizing Problem */ = {
			isa = PBXNativeTarget;
			buildConfigurationList = 3510B01629C0D1610023BB3E /* Build configuration list for PBXNativeTarget "Resizing Problem" */;
			buildPhases = (
				3510B00329C0D15E0023BB3E /* Sources */,
				3510B00429C0D15E0023BB3E /* Frameworks */,
				3510B00529C0D15E0023BB3E /* Resources */,
			);
			buildRules = (
			);
			dependencies = (
			);
			name = "Resizing Problem";
			productName = "Resizing Problem";
			productReference = 3510B00729C0D15E0023BB3E /* Resizing Problem.app */;
			productType = "com.apple.product-type.application";
		};
/* End PBXNativeTarget section */

/* Begin PBXProject section */
		3510AFFF29C0D15E0023BB3E /* Project object */ = {
			isa = PBXProject;
			attributes = {
				BuildIndependentTargetsInParallel = 1;
				LastSwiftUpdateCheck = 1420;
				LastUpgradeCheck = 1420;
				TargetAttributes = {
					3510B00629C0D15E0023BB3E = {
						CreatedOnToolsVersion = 14.2;
					};
				};
			};
			buildConfigurationList = 3510B00229C0D15E0023BB3E /* Build configuration list for PBXProject "Resizing Problem" */;
			compatibilityVersion = "Xcode 14.0";
			developmentRegion = en;
			hasScannedForEncodings = 0;
			knownRegions = (
				en,
				Base,
			);
			mainGroup = 3510AFFE29C0D15E0023BB3E;
			productRefGroup = 3510B00829C0D15E0023BB3E /* Products */;
			projectDirPath = "";
			projectRoot = "";
			targets = (
				3510B00629C0D15E0023BB3E /* Resizing Problem */,
			);
		};
/* End PBXProject section */

/* Begin PBXResourcesBuildPhase section */
		3510B00529C0D15E0023BB3E /* Resources */ = {
			isa = PBXResourcesBuildPhase;
			buildActionMask = 2147483647;
			files = (
				3510B01229C0D1610023BB3E /* Preview Assets.xcassets in Resources */,
				3510B00F29C0D1610023BB3E /* Assets.xcassets in Resources */,
			);
			runOnlyForDeploymentPostprocessing = 0;
		};
/* End PBXResourcesBuildPhase section */

/* Begin PBXSourcesBuildPhase section */
		3510B00329C0D15E0023BB3E /* Sources */ = {
			isa = PBXSourcesBuildPhase;
			buildActionMask = 2147483647;
			files = (
				3510B02529C0D3000023BB3E /* ResizePoint.swift in Sources */,
				3510B01C29C0D2950023BB3E /* CardComponentViewType.swift in Sources */,
				3510B01E29C0D2BB0023BB3E /* ComponentView.swift in Sources */,
				3510B00D29C0D15E0023BB3E /* ContentView.swift in Sources */,
				3510B00B29C0D15E0023BB3E /* Resizing_ProblemApp.swift in Sources */,
				3510B02029C0D2CC0023BB3E /* ViewModel.swift in Sources */,
				3510B01A29C0D2710023BB3E /* CardComponentInfo.swift in Sources */,
				3510B02229C0D2E20023BB3E /* ResizingConrolsView.swift in Sources */,
			);
			runOnlyForDeploymentPostprocessing = 0;
		};
/* End PBXSourcesBuildPhase section */

/* Begin XCBuildConfiguration section */
		3510B01429C0D1610023BB3E /* Debug */ = {
			isa = XCBuildConfiguration;
			buildSettings = {
				ALWAYS_SEARCH_USER_PATHS = NO;
				CLANG_ANALYZER_NONNULL = YES;
				CLANG_ANALYZER_NUMBER_OBJECT_CONVERSION = YES_AGGRESSIVE;
				CLANG_CXX_LANGUAGE_STANDARD = "gnu++20";
				CLANG_ENABLE_MODULES = YES;
				CLANG_ENABLE_OBJC_ARC = YES;
				CLANG_ENABLE_OBJC_WEAK = YES;
				CLANG_WARN_BLOCK_CAPTURE_AUTORELEASING = YES;
				CLANG_WARN_BOOL_CONVERSION = YES;
				CLANG_WARN_COMMA = YES;
				CLANG_WARN_CONSTANT_CONVERSION = YES;
				CLANG_WARN_DEPRECATED_OBJC_IMPLEMENTATIONS = YES;
				CLANG_WARN_DIRECT_OBJC_ISA_USAGE = YES_ERROR;
				CLANG_WARN_DOCUMENTATION_COMMENTS = YES;
				CLANG_WARN_EMPTY_BODY = YES;
				CLANG_WARN_ENUM_CONVERSION = YES;
				CLANG_WARN_INFINITE_RECURSION = YES;
				CLANG_WARN_INT_CONVERSION = YES;
				CLANG_WARN_NON_LITERAL_NULL_CONVERSION = YES;
				CLANG_WARN_OBJC_IMPLICIT_RETAIN_SELF = YES;
				CLANG_WARN_OBJC_LITERAL_CONVERSION = YES;
				CLANG_WARN_OBJC_ROOT_CLASS = YES_ERROR;
				CLANG_WARN_QUOTED_INCLUDE_IN_FRAMEWORK_HEADER = YES;
				CLANG_WARN_RANGE_LOOP_ANALYSIS = YES;
				CLANG_WARN_STRICT_PROTOTYPES = YES;
				CLANG_WARN_SUSPICIOUS_MOVE = YES;
				CLANG_WARN_UNGUARDED_AVAILABILITY = YES_AGGRESSIVE;
				CLANG_WARN_UNREACHABLE_CODE = YES;
				CLANG_WARN__DUPLICATE_METHOD_MATCH = YES;
				COPY_PHASE_STRIP = NO;
				DEBUG_INFORMATION_FORMAT = dwarf;
				ENABLE_STRICT_OBJC_MSGSEND = YES;
				ENABLE_TESTABILITY = YES;
				GCC_C_LANGUAGE_STANDARD = gnu11;
				GCC_DYNAMIC_NO_PIC = NO;
				GCC_NO_COMMON_BLOCKS = YES;
				GCC_OPTIMIZATION_LEVEL = 0;
				GCC_PREPROCESSOR_DEFINITIONS = (
					"DEBUG=1",
					"$(inherited)",
				);
				GCC_WARN_64_TO_32_BIT_CONVERSION = YES;
				GCC_WARN_ABOUT_RETURN_TYPE = YES_ERROR;
				GCC_WARN_UNDECLARED_SELECTOR = YES;
				GCC_WARN_UNINITIALIZED_AUTOS = YES_AGGRESSIVE;
				GCC_WARN_UNUSED_FUNCTION = YES;
				GCC_WARN_UNUSED_VARIABLE = YES;
				MACOSX_DEPLOYMENT_TARGET = 13.1;
				MTL_ENABLE_DEBUG_INFO = INCLUDE_SOURCE;
				MTL_FAST_MATH = YES;
				ONLY_ACTIVE_ARCH = YES;
				SDKROOT = macosx;
				SWIFT_ACTIVE_COMPILATION_CONDITIONS = DEBUG;
				SWIFT_OPTIMIZATION_LEVEL = "-Onone";
			};
			name = Debug;
		};
		3510B01529C0D1610023BB3E /* Release */ = {
			isa = XCBuildConfiguration;
			buildSettings = {
				ALWAYS_SEARCH_USER_PATHS = NO;
				CLANG_ANALYZER_NONNULL = YES;
				CLANG_ANALYZER_NUMBER_OBJECT_CONVERSION = YES_AGGRESSIVE;
				CLANG_CXX_LANGUAGE_STANDARD = "gnu++20";
				CLANG_ENABLE_MODULES = YES;
				CLANG_ENABLE_OBJC_ARC = YES;
				CLANG_ENABLE_OBJC_WEAK = YES;
				CLANG_WARN_BLOCK_CAPTURE_AUTORELEASING = YES;
				CLANG_WARN_BOOL_CONVERSION = YES;
				CLANG_WARN_COMMA = YES;
				CLANG_WARN_CONSTANT_CONVERSION = YES;
				CLANG_WARN_DEPRECATED_OBJC_IMPLEMENTATIONS = YES;
				CLANG_WARN_DIRECT_OBJC_ISA_USAGE = YES_ERROR;
				CLANG_WARN_DOCUMENTATION_COMMENTS = YES;
				CLANG_WARN_EMPTY_BODY = YES;
				CLANG_WARN_ENUM_CONVERSION = YES;
				CLANG_WARN_INFINITE_RECURSION = YES;
				CLANG_WARN_INT_CONVERSION = YES;
				CLANG_WARN_NON_LITERAL_NULL_CONVERSION = YES;
				CLANG_WARN_OBJC_IMPLICIT_RETAIN_SELF = YES;
				CLANG_WARN_OBJC_LITERAL_CONVERSION = YES;
				CLANG_WARN_OBJC_ROOT_CLASS = YES_ERROR;
				CLANG_WARN_QUOTED_INCLUDE_IN_FRAMEWORK_HEADER = YES;
				CLANG_WARN_RANGE_LOOP_ANALYSIS = YES;
				CLANG_WARN_STRICT_PROTOTYPES = YES;
				CLANG_WARN_SUSPICIOUS_MOVE = YES;
				CLANG_WARN_UNGUARDED_AVAILABILITY = YES_AGGRESSIVE;
				CLANG_WARN_UNREACHABLE_CODE = YES;
				CLANG_WARN__DUPLICATE_METHOD_MATCH = YES;
				COPY_PHASE_STRIP = NO;
				DEBUG_INFORMATION_FORMAT = "dwarf-with-dsym";
				ENABLE_NS_ASSERTIONS = NO;
				ENABLE_STRICT_OBJC_MSGSEND = YES;
				GCC_C_LANGUAGE_STANDARD = gnu11;
				GCC_NO_COMMON_BLOCKS = YES;
				GCC_WARN_64_TO_32_BIT_CONVERSION = YES;
				GCC_WARN_ABOUT_RETURN_TYPE = YES_ERROR;
				GCC_WARN_UNDECLARED_SELECTOR = YES;
				GCC_WARN_UNINITIALIZED_AUTOS = YES_AGGRESSIVE;
				GCC_WARN_UNUSED_FUNCTION = YES;
				GCC_WARN_UNUSED_VARIABLE = YES;
				MACOSX_DEPLOYMENT_TARGET = 13.1;
				MTL_ENABLE_DEBUG_INFO = NO;
				MTL_FAST_MATH = YES;
				SDKROOT = macosx;
				SWIFT_COMPILATION_MODE = wholemodule;
				SWIFT_OPTIMIZATION_LEVEL = "-O";
			};
			name = Release;
		};
		3510B01729C0D1610023BB3E /* Debug */ = {
			isa = XCBuildConfiguration;
			buildSettings = {
				ASSETCATALOG_COMPILER_APPICON_NAME = AppIcon;
				ASSETCATALOG_COMPILER_GLOBAL_ACCENT_COLOR_NAME = AccentColor;
				CODE_SIGN_ENTITLEMENTS = "Resizing Problem/Resizing_Problem.entitlements";
				CODE_SIGN_STYLE = Automatic;
				COMBINE_HIDPI_IMAGES = YES;
				CURRENT_PROJECT_VERSION = 1;
				DEVELOPMENT_ASSET_PATHS = "\"Resizing Problem/Preview Content\"";
				ENABLE_PREVIEWS = YES;
				GENERATE_INFOPLIST_FILE = YES;
				INFOPLIST_KEY_NSHumanReadableCopyright = "";
				LD_RUNPATH_SEARCH_PATHS = (
					"$(inherited)",
					"@executable_path/../Frameworks",
				);
				MARKETING_VERSION = 1.0;
				PRODUCT_BUNDLE_IDENTIFIER = "com.test.Resizing-Problem.Resizing-Problem";
				PRODUCT_NAME = "$(TARGET_NAME)";
				SWIFT_EMIT_LOC_STRINGS = YES;
				SWIFT_VERSION = 5.0;
			};
			name = Debug;
		};
		3510B01829C0D1610023BB3E /* Release */ = {
			isa = XCBuildConfiguration;
			buildSettings = {
				ASSETCATALOG_COMPILER_APPICON_NAME = AppIcon;
				ASSETCATALOG_COMPILER_GLOBAL_ACCENT_COLOR_NAME = AccentColor;
				CODE_SIGN_ENTITLEMENTS = "Resizing Problem/Resizing_Problem.entitlements";
				CODE_SIGN_STYLE = Automatic;
				COMBINE_HIDPI_IMAGES = YES;
				CURRENT_PROJECT_VERSION = 1;
				DEVELOPMENT_ASSET_PATHS = "\"Resizing Problem/Preview Content\"";
				ENABLE_PREVIEWS = YES;
				GENERATE_INFOPLIST_FILE = YES;
				INFOPLIST_KEY_NSHumanReadableCopyright = "";
				LD_RUNPATH_SEARCH_PATHS = (
					"$(inherited)",
					"@executable_path/../Frameworks",
				);
				MARKETING_VERSION = 1.0;
				PRODUCT_BUNDLE_IDENTIFIER = "com.test.Resizing-Problem.Resizing-Problem";
				PRODUCT_NAME = "$(TARGET_NAME)";
				SWIFT_EMIT_LOC_STRINGS = YES;
				SWIFT_VERSION = 5.0;
			};
			name = Release;
		};
/* End XCBuildConfiguration section */

/* Begin XCConfigurationList section */
		3510B00229C0D15E0023BB3E /* Build configuration list for PBXProject "Resizing Problem" */ = {
			isa = XCConfigurationList;
			buildConfigurations = (
				3510B01429C0D1610023BB3E /* Debug */,
				3510B01529C0D1610023BB3E /* Release */,
			);
			defaultConfigurationIsVisible = 0;
			defaultConfigurationName = Release;
		};
		3510B01629C0D1610023BB3E /* Build configuration list for PBXNativeTarget "Resizing Problem" */ = {
			isa = XCConfigurationList;
			buildConfigurations = (
				3510B01729C0D1610023BB3E /* Debug */,
				3510B01829C0D1610023BB3E /* Release */,
			);
			defaultConfigurationIsVisible = 0;
			defaultConfigurationName = Release;
		};
/* End XCConfigurationList section */
	};
	rootObject = 3510AFFF29C0D15E0023BB3E /* Project object */;
}
